Microsoft Visual Studio Solution File, Format Version 12.00
# Visual Studio Version 17
VisualStudioVersion = 17.0.31903.59
MinimumVisualStudioVersion = 10.0.40219.1
Project("{FAE04EC0-301F-11D3-BF4B-00C04F79EFBC}") = "ECommerce.Shared", "src/ECommerce.Shared/ECommerce.Shared.csproj", "{8D7EE85E-4F28-4C90-955B-8F1D4B12E3EA}"
EndProject
Project("{FAE04EC0-301F-11D3-BF4B-00C04F79EFBC}") = "Orchestrator.Api", "src/Orchestrator.Api/Orchestrator.Api.csproj", "{A9B2D02C-6F2F-4B4F-8F5D-4B5EA10A1D5E}"
EndProject
Project("{FAE04EC0-301F-11D3-BF4B-00C04F79EFBC}") = "Stock.Worker", "src/Stock.Worker/Stock.Worker.csproj", "{B5F3E7A3-3451-4EBE-9F62-2E8A7B9CC0C9}"
EndProject
Project("{FAE04EC0-301F-11D3-BF4B-00C04F79EFBC}") = "Notification.Worker", "src/Notification.Worker/Notification.Worker.csproj", "{4B7C2A87-6D5F-4C0F-9A60-4E6EFED25E3C}"
EndProject
Global
	GlobalSection(SolutionConfigurationPlatforms) = preSolution
		Debug|Any CPU = Debug|Any CPU
		Release|Any CPU = Release|Any CPU
	EndGlobalSection
	GlobalSection(ProjectConfigurationPlatforms) = postSolution
		{8D7EE85E-4F28-4C90-955B-8F1D4B12E3EA}.Debug|Any CPU.ActiveCfg = Debug|Any CPU
		{8D7EE85E-4F28-4C90-955B-8F1D4B12E3EA}.Debug|Any CPU.Build.0 = Debug|Any CPU
		{8D7EE85E-4F28-4C90-955B-8F1D4B12E3EA}.Release|Any CPU.ActiveCfg = Release|Any CPU
		{8D7EE85E-4F28-4C90-955B-8F1D4B12E3EA}.Release|Any CPU.Build.0 = Release|Any CPU
		{A9B2D02C-6F2F-4B4F-8F5D-4B5EA10A1D5E}.Debug|Any CPU.ActiveCfg = Debug|Any CPU
		{A9B2D02C-6F2F-4B4F-8F5D-4B5EA10A1D5E}.Debug|Any CPU.Build.0 = Debug|Any CPU
		{A9B2D02C-6F2F-4B4F-8F5D-4B5EA10A1D5E}.Release|Any CPU.ActiveCfg = Release|Any CPU
		{A9B2D02C-6F2F-4B4F-8F5D-4B5EA10A1D5E}.Release|Any CPU.Build.0 = Release|Any CPU
		{B5F3E7A3-3451-4EBE-9F62-2E8A7B9CC0C9}.Debug|Any CPU.ActiveCfg = Debug|Any CPU
		{B5F3E7A3-3451-4EBE-9F62-2E8A7B9CC0C9}.Debug|Any CPU.Build.0 = Debug|Any CPU
		{B5F3E7A3-3451-4EBE-9F62-2E8A7B9CC0C9}.Release|Any CPU.ActiveCfg = Release|Any CPU
		{B5F3E7A3-3451-4EBE-9F62-2E8A7B9CC0C9}.Release|Any CPU.Build.0 = Release|Any CPU
		{4B7C2A87-6D5F-4C0F-9A60-4E6EFED25E3C}.Debug|Any CPU.ActiveCfg = Debug|Any CPU
		{4B7C2A87-6D5F-4C0F-9A60-4E6EFED25E3C}.Debug|Any CPU.Build.0 = Debug|Any CPU
		{4B7C2A87-6D5F-4C0F-9A60-4E6EFED25E3C}.Release|Any CPU.ActiveCfg = Release|Any CPU
		{4B7C2A87-6D5F-4C0F-9A60-4E6EFED25E3C}.Release|Any CPU.Build.0 = Release|Any CPU
	EndGlobalSection
EndGlobal
